// !$*UTF8*$!
{
	archiveVersion = 1;
	classes = {
	};
	objectVersion = 46;
	objects = {

/* Begin PBXBuildFile section */
		940BC5671F16B4850098BD07 /* squad.jpg in Resources */ = {isa = PBXBuildFile; fileRef = 940BC5661F16B4850098BD07 /* squad.jpg */; };
		940BC56A1F16B4C10098BD07 /* meetup.jpg in Resources */ = {isa = PBXBuildFile; fileRef = 940BC5691F16B4C10098BD07 /* meetup.jpg */; };
		940BC56C1F16B4FC0098BD07 /* 2boys.jpg in Resources */ = {isa = PBXBuildFile; fileRef = 940BC56B1F16B4FC0098BD07 /* 2boys.jpg */; };
		940BC56E1F16B5210098BD07 /* raph.jpg in Resources */ = {isa = PBXBuildFile; fileRef = 940BC56D1F16B5210098BD07 /* raph.jpg */; };
		940BC5701F16B53D0098BD07 /* handlebars.jpg in Resources */ = {isa = PBXBuildFile; fileRef = 940BC56F1F16B53D0098BD07 /* handlebars.jpg */; };
		940BC5721F16B5780098BD07 /* kidlead.jpg in Resources */ = {isa = PBXBuildFile; fileRef = 940BC5711F16B5780098BD07 /* kidlead.jpg */; };
		A499B1111F15322800E244B2 /* AppDelegate.swift in Sources */ = {isa = PBXBuildFile; fileRef = A499B1101F15322800E244B2 /* AppDelegate.swift */; };
		A499B1131F15322800E244B2 /* ViewController.swift in Sources */ = {isa = PBXBuildFile; fileRef = A499B1121F15322800E244B2 /* ViewController.swift */; };
		A499B1161F15322800E244B2 /* Main.storyboard in Resources */ = {isa = PBXBuildFile; fileRef = A499B1141F15322800E244B2 /* Main.storyboard */; };
		A499B1181F15322800E244B2 /* Assets.xcassets in Resources */ = {isa = PBXBuildFile; fileRef = A499B1171F15322800E244B2 /* Assets.xcassets */; };
		A499B11B1F15322800E244B2 /* LaunchScreen.storyboard in Resources */ = {isa = PBXBuildFile; fileRef = A499B1191F15322800E244B2 /* LaunchScreen.storyboard */; };
		A499B1281F15361400E244B2 /* courier.gif in Resources */ = {isa = PBXBuildFile; fileRef = A499B1261F15361400E244B2 /* courier.gif */; };
		A499B1291F15361400E244B2 /* SwiftGif.swift in Sources */ = {isa = PBXBuildFile; fileRef = A499B1271F15361400E244B2 /* SwiftGif.swift */; };
		A499B12B1F1536CB00E244B2 /* GoogleService-Info.plist in Resources */ = {isa = PBXBuildFile; fileRef = A499B12A1F1536CB00E244B2 /* GoogleService-Info.plist */; };
		A499B12E1F1561A900E244B2 /* SignUpViewController.swift in Sources */ = {isa = PBXBuildFile; fileRef = A499B12D1F1561A900E244B2 /* SignUpViewController.swift */; };
		A499B1321F16885400E244B2 /* PasswordRecoveryViewController.swift in Sources */ = {isa = PBXBuildFile; fileRef = A499B1311F16885400E244B2 /* PasswordRecoveryViewController.swift */; };
		E9CC4DF2B0EB58201F8312D1 /* Pods_RideWithMeGood.framework in Frameworks */ = {isa = PBXBuildFile; fileRef = 395E2454D142E293905ABCB8 /* Pods_RideWithMeGood.framework */; };
/* End PBXBuildFile section */

/* Begin PBXFileReference section */
		395E2454D142E293905ABCB8 /* Pods_RideWithMeGood.framework */ = {isa = PBXFileReference; explicitFileType = wrapper.framework; includeInIndex = 0; path = Pods_RideWithMeGood.framework; sourceTree = BUILT_PRODUCTS_DIR; };
		86861FC56054FD6CAF855B82 /* Pods-RideWithMeGood.release.xcconfig */ = {isa = PBXFileReference; includeInIndex = 1; lastKnownFileType = text.xcconfig; name = "Pods-RideWithMeGood.release.xcconfig"; path = "Pods/Target Support Files/Pods-RideWithMeGood/Pods-RideWithMeGood.release.xcconfig"; sourceTree = "<group>"; };
		940BC5661F16B4850098BD07 /* squad.jpg */ = {isa = PBXFileReference; lastKnownFileType = image.jpeg; name = squad.jpg; path = ../../../../Downloads/squad.jpg; sourceTree = "<group>"; };
		940BC5691F16B4C10098BD07 /* meetup.jpg */ = {isa = PBXFileReference; lastKnownFileType = image.jpeg; name = meetup.jpg; path = ../../../../Downloads/meetup.jpg; sourceTree = "<group>"; };
		940BC56B1F16B4FC0098BD07 /* 2boys.jpg */ = {isa = PBXFileReference; lastKnownFileType = image.jpeg; name = 2boys.jpg; path = ../../../../Downloads/2boys.jpg; sourceTree = "<group>"; };
		940BC56D1F16B5210098BD07 /* raph.jpg */ = {isa = PBXFileReference; lastKnownFileType = image.jpeg; name = raph.jpg; path = ../../../../Downloads/raph.jpg; sourceTree = "<group>"; };
		940BC56F1F16B53D0098BD07 /* handlebars.jpg */ = {isa = PBXFileReference; lastKnownFileType = image.jpeg; name = handlebars.jpg; path = ../../../../Downloads/handlebars.jpg; sourceTree = "<group>"; };
		940BC5711F16B5780098BD07 /* kidlead.jpg */ = {isa = PBXFileReference; lastKnownFileType = image.jpeg; name = kidlead.jpg; path = ../../../../Downloads/kidlead.jpg; sourceTree = "<group>"; };
		A499B10D1F15322800E244B2 /* RideWithMeGood.app */ = {isa = PBXFileReference; explicitFileType = wrapper.application; includeInIndex = 0; path = RideWithMeGood.app; sourceTree = BUILT_PRODUCTS_DIR; };
		A499B1101F15322800E244B2 /* AppDelegate.swift */ = {isa = PBXFileReference; lastKnownFileType = sourcecode.swift; path = AppDelegate.swift; sourceTree = "<group>"; };
		A499B1121F15322800E244B2 /* ViewController.swift */ = {isa = PBXFileReference; lastKnownFileType = sourcecode.swift; path = ViewController.swift; sourceTree = "<group>"; };
		A499B1151F15322800E244B2 /* Base */ = {isa = PBXFileReference; lastKnownFileType = file.storyboard; name = Base; path = Base.lproj/Main.storyboard; sourceTree = "<group>"; };
		A499B1171F15322800E244B2 /* Assets.xcassets */ = {isa = PBXFileReference; lastKnownFileType = folder.assetcatalog; path = Assets.xcassets; sourceTree = "<group>"; };
		A499B11A1F15322800E244B2 /* Base */ = {isa = PBXFileReference; lastKnownFileType = file.storyboard; name = Base; path = Base.lproj/LaunchScreen.storyboard; sourceTree = "<group>"; };
		A499B11C1F15322800E244B2 /* Info.plist */ = {isa = PBXFileReference; lastKnownFileType = text.plist.xml; path = Info.plist; sourceTree = "<group>"; };
		A499B1261F15361400E244B2 /* courier.gif */ = {isa = PBXFileReference; lastKnownFileType = image.gif; path = courier.gif; sourceTree = "<group>"; };
		A499B1271F15361400E244B2 /* SwiftGif.swift */ = {isa = PBXFileReference; fileEncoding = 4; lastKnownFileType = sourcecode.swift; path = SwiftGif.swift; sourceTree = "<group>"; };
		A499B12A1F1536CB00E244B2 /* GoogleService-Info.plist */ = {isa = PBXFileReference; fileEncoding = 4; lastKnownFileType = text.plist.xml; path = "GoogleService-Info.plist"; sourceTree = "<group>"; };
		A499B12D1F1561A900E244B2 /* SignUpViewController.swift */ = {isa = PBXFileReference; fileEncoding = 4; lastKnownFileType = sourcecode.swift; path = SignUpViewController.swift; sourceTree = "<group>"; };
		A499B1311F16885400E244B2 /* PasswordRecoveryViewController.swift */ = {isa = PBXFileReference; fileEncoding = 4; lastKnownFileType = sourcecode.swift; path = PasswordRecoveryViewController.swift; sourceTree = "<group>"; };
		DB070A4084E4E8A49C60A78B /* Pods-RideWithMeGood.debug.xcconfig */ = {isa = PBXFileReference; includeInIndex = 1; lastKnownFileType = text.xcconfig; name = "Pods-RideWithMeGood.debug.xcconfig"; path = "Pods/Target Support Files/Pods-RideWithMeGood/Pods-RideWithMeGood.debug.xcconfig"; sourceTree = "<group>"; };
/* End PBXFileReference section */

/* Begin PBXFrameworksBuildPhase section */
		A499B10A1F15322800E244B2 /* Frameworks */ = {
			isa = PBXFrameworksBuildPhase;
			buildActionMask = 2147483647;
			files = (
				E9CC4DF2B0EB58201F8312D1 /* Pods_RideWithMeGood.framework in Frameworks */,
			);
			runOnlyForDeploymentPostprocessing = 0;
		};
/* End PBXFrameworksBuildPhase section */

/* Begin PBXGroup section */
		19B01F21807FF5940B5E273E /* Pods */ = {
			isa = PBXGroup;
			children = (
				DB070A4084E4E8A49C60A78B /* Pods-RideWithMeGood.debug.xcconfig */,
				86861FC56054FD6CAF855B82 /* Pods-RideWithMeGood.release.xcconfig */,
			);
			name = Pods;
			sourceTree = "<group>";
		};
		940BC5681F16B4AB0098BD07 /* media */ = {
			isa = PBXGroup;
			children = (
				940BC5711F16B5780098BD07 /* kidlead.jpg */,
				940BC56F1F16B53D0098BD07 /* handlebars.jpg */,
				940BC56D1F16B5210098BD07 /* raph.jpg */,
				940BC56B1F16B4FC0098BD07 /* 2boys.jpg */,
				940BC5691F16B4C10098BD07 /* meetup.jpg */,
				A499B1261F15361400E244B2 /* courier.gif */,
				940BC5661F16B4850098BD07 /* squad.jpg */,
			);
			name = media;
			sourceTree = "<group>";
		};
		9695218A160EBBA1AF9C9056 /* Frameworks */ = {
			isa = PBXGroup;
			children = (
				395E2454D142E293905ABCB8 /* Pods_RideWithMeGood.framework */,
			);
			name = Frameworks;
			sourceTree = "<group>";
		};
		A499B1041F15322800E244B2 = {
			isa = PBXGroup;
			children = (
				A499B10F1F15322800E244B2 /* RideWithMeGood */,
				A499B10E1F15322800E244B2 /* Products */,
				19B01F21807FF5940B5E273E /* Pods */,
				9695218A160EBBA1AF9C9056 /* Frameworks */,
			);
			sourceTree = "<group>";
		};
		A499B10E1F15322800E244B2 /* Products */ = {
			isa = PBXGroup;
			children = (
				A499B10D1F15322800E244B2 /* RideWithMeGood.app */,
			);
			name = Products;
			sourceTree = "<group>";
		};
		A499B10F1F15322800E244B2 /* RideWithMeGood */ = {
			isa = PBXGroup;
			children = (
				940BC5681F16B4AB0098BD07 /* media */,
				A499B12A1F1536CB00E244B2 /* GoogleService-Info.plist */,
				A499B1101F15322800E244B2 /* AppDelegate.swift */,
				A499B1311F16885400E244B2 /* PasswordRecoveryViewController.swift */,
				A499B1121F15322800E244B2 /* ViewController.swift */,
				A499B1141F15322800E244B2 /* Main.storyboard */,
				A499B12D1F1561A900E244B2 /* SignUpViewController.swift */,
				A499B1171F15322800E244B2 /* Assets.xcassets */,
				A499B1271F15361400E244B2 /* SwiftGif.swift */,
				A499B1191F15322800E244B2 /* LaunchScreen.storyboard */,
				A499B11C1F15322800E244B2 /* Info.plist */,
			);
			path = RideWithMeGood;
			sourceTree = "<group>";
		};
/* End PBXGroup section */

/* Begin PBXNativeTarget section */
		A499B10C1F15322800E244B2 /* RideWithMeGood */ = {
			isa = PBXNativeTarget;
			buildConfigurationList = A499B11F1F15322800E244B2 /* Build configuration list for PBXNativeTarget "RideWithMeGood" */;
			buildPhases = (
				C2507F6C0B72E50B45752A1B /* [CP] Check Pods Manifest.lock */,
				A499B1091F15322800E244B2 /* Sources */,
				A499B10A1F15322800E244B2 /* Frameworks */,
				A499B10B1F15322800E244B2 /* Resources */,
				D161FE892383EB19AA4C0B2D /* [CP] Embed Pods Frameworks */,
				BFD94BE132D6AC22A402B9B0 /* [CP] Copy Pods Resources */,
			);
			buildRules = (
			);
			dependencies = (
			);
			name = RideWithMeGood;
			productName = RideWithMeGood;
			productReference = A499B10D1F15322800E244B2 /* RideWithMeGood.app */;
			productType = "com.apple.product-type.application";
		};
/* End PBXNativeTarget section */

/* Begin PBXProject section */
		A499B1051F15322800E244B2 /* Project object */ = {
			isa = PBXProject;
			attributes = {
				LastSwiftUpdateCheck = 0820;
				LastUpgradeCheck = 0820;
				ORGANIZATIONNAME = "Marcello Folco";
				TargetAttributes = {
					A499B10C1F15322800E244B2 = {
						CreatedOnToolsVersion = 8.2.1;
						DevelopmentTeam = MV7HZ99EDM;
						ProvisioningStyle = Automatic;
					};
				};
			};
			buildConfigurationList = A499B1081F15322800E244B2 /* Build configuration list for PBXProject "RideWithMeGood" */;
			compatibilityVersion = "Xcode 3.2";
			developmentRegion = English;
			hasScannedForEncodings = 0;
			knownRegions = (
				en,
				Base,
			);
			mainGroup = A499B1041F15322800E244B2;
			productRefGroup = A499B10E1F15322800E244B2 /* Products */;
			projectDirPath = "";
			projectRoot = "";
			targets = (
				A499B10C1F15322800E244B2 /* RideWithMeGood */,
			);
		};
/* End PBXProject section */

/* Begin PBXResourcesBuildPhase section */
		A499B10B1F15322800E244B2 /* Resources */ = {
			isa = PBXResourcesBuildPhase;
			buildActionMask = 2147483647;
			files = (
				940BC5701F16B53D0098BD07 /* handlebars.jpg in Resources */,
				A499B1281F15361400E244B2 /* courier.gif in Resources */,
				940BC56A1F16B4C10098BD07 /* meetup.jpg in Resources */,
				940BC56E1F16B5210098BD07 /* raph.jpg in Resources */,
				940BC56C1F16B4FC0098BD07 /* 2boys.jpg in Resources */,
				A499B11B1F15322800E244B2 /* LaunchScreen.storyboard in Resources */,
				A499B12B1F1536CB00E244B2 /* GoogleService-Info.plist in Resources */,
				940BC5721F16B5780098BD07 /* kidlead.jpg in Resources */,
				940BC5671F16B4850098BD07 /* squad.jpg in Resources */,
				A499B1181F15322800E244B2 /* Assets.xcassets in Resources */,
				A499B1161F15322800E244B2 /* Main.storyboard in Resources */,
			);
			runOnlyForDeploymentPostprocessing = 0;
		};
/* End PBXResourcesBuildPhase section */

/* Begin PBXShellScriptBuildPhase section */
		BFD94BE132D6AC22A402B9B0 /* [CP] Copy Pods Resources */ = {
			isa = PBXShellScriptBuildPhase;
			buildActionMask = 2147483647;
			files = (
			);
			inputPaths = (
			);
			name = "[CP] Copy Pods Resources";
			outputPaths = (
			);
			runOnlyForDeploymentPostprocessing = 0;
			shellPath = /bin/sh;
			shellScript = "\"${SRCROOT}/Pods/Target Support Files/Pods-RideWithMeGood/Pods-RideWithMeGood-resources.sh\"\n";
			showEnvVarsInLog = 0;
		};
		C2507F6C0B72E50B45752A1B /* [CP] Check Pods Manifest.lock */ = {
			isa = PBXShellScriptBuildPhase;
			buildActionMask = 2147483647;
			files = (
			);
			inputPaths = (
			);
			name = "[CP] Check Pods Manifest.lock";
			outputPaths = (
			);
			runOnlyForDeploymentPostprocessing = 0;
			shellPath = /bin/sh;
			shellScript = "diff \"${PODS_PODFILE_DIR_PATH}/Podfile.lock\" \"${PODS_ROOT}/Manifest.lock\" > /dev/null\nif [ $? != 0 ] ; then\n    # print error to STDERR\n    echo \"error: The sandbox is not in sync with the Podfile.lock. Run 'pod install' or update your CocoaPods installation.\" >&2\n    exit 1\nfi\n";
			showEnvVarsInLog = 0;
		};
		D161FE892383EB19AA4C0B2D /* [CP] Embed Pods Frameworks */ = {
			isa = PBXShellScriptBuildPhase;
			buildActionMask = 2147483647;
			files = (
			);
			inputPaths = (
			);
			name = "[CP] Embed Pods Frameworks";
			outputPaths = (
			);
			runOnlyForDeploymentPostprocessing = 0;
			shellPath = /bin/sh;
			shellScript = "\"${SRCROOT}/Pods/Target Support Files/Pods-RideWithMeGood/Pods-RideWithMeGood-frameworks.sh\"\n";
			showEnvVarsInLog = 0;
		};
/* End PBXShellScriptBuildPhase section */

/* Begin PBXSourcesBuildPhase section */
		A499B1091F15322800E244B2 /* Sources */ = {
			isa = PBXSourcesBuildPhase;
			buildActionMask = 2147483647;
			files = (
				A499B1291F15361400E244B2 /* SwiftGif.swift in Sources */,
				A499B1131F15322800E244B2 /* ViewController.swift in Sources */,
				A499B12E1F1561A900E244B2 /* SignUpViewController.swift in Sources */,
				A499B1321F16885400E244B2 /* PasswordRecoveryViewController.swift in Sources */,
				A499B1111F15322800E244B2 /* AppDelegate.swift in Sources */,
			);
			runOnlyForDeploymentPostprocessing = 0;
		};
/* End PBXSourcesBuildPhase section */

/* Begin PBXVariantGroup section */
		A499B1141F15322800E244B2 /* Main.storyboard */ = {
			isa = PBXVariantGroup;
			children = (
				A499B1151F15322800E244B2 /* Base */,
			);
			name = Main.storyboard;
			sourceTree = "<group>";
		};
		A499B1191F15322800E244B2 /* LaunchScreen.storyboard */ = {
			isa = PBXVariantGroup;
			children = (
				A499B11A1F15322800E244B2 /* Base */,
			);
			name = LaunchScreen.storyboard;
			sourceTree = "<group>";
		};
/* End PBXVariantGroup section */

/* Begin XCBuildConfiguration section */
		A499B11D1F15322800E244B2 /* Debug */ = {
			isa = XCBuildConfiguration;
			buildSettings = {
				ALWAYS_SEARCH_USER_PATHS = NO;
				CLANG_ANALYZER_NONNULL = YES;
				CLANG_CXX_LANGUAGE_STANDARD = "gnu++0x";
				CLANG_CXX_LIBRARY = "libc++";
				CLANG_ENABLE_MODULES = YES;
				CLANG_ENABLE_OBJC_ARC = YES;
				CLANG_WARN_BOOL_CONVERSION = YES;
				CLANG_WARN_CONSTANT_CONVERSION = YES;
				CLANG_WARN_DIRECT_OBJC_ISA_USAGE = YES_ERROR;
				CLANG_WARN_DOCUMENTATION_COMMENTS = YES;
				CLANG_WARN_EMPTY_BODY = YES;
				CLANG_WARN_ENUM_CONVERSION = YES;
				CLANG_WARN_INFINITE_RECURSION = YES;
				CLANG_WARN_INT_CONVERSION = YES;
				CLANG_WARN_OBJC_ROOT_CLASS = YES_ERROR;
				CLANG_WARN_SUSPICIOUS_MOVE = YES;
				CLANG_WARN_UNREACHABLE_CODE = YES;
				CLANG_WARN__DUPLICATE_METHOD_MATCH = YES;
				"CODE_SIGN_IDENTITY[sdk=iphoneos*]" = "iPhone Developer";
				COPY_PHASE_STRIP = NO;
				DEBUG_INFORMATION_FORMAT = dwarf;
				ENABLE_STRICT_OBJC_MSGSEND = YES;
				ENABLE_TESTABILITY = YES;
				GCC_C_LANGUAGE_STANDARD = gnu99;
				GCC_DYNAMIC_NO_PIC = NO;
				GCC_NO_COMMON_BLOCKS = YES;
				GCC_OPTIMIZATION_LEVEL = 0;
				GCC_PREPROCESSOR_DEFINITIONS = (
					"DEBUG=1",
					"$(inherited)",
				);
				GCC_WARN_64_TO_32_BIT_CONVERSION = YES;
				GCC_WARN_ABOUT_RETURN_TYPE = YES_ERROR;
				GCC_WARN_UNDECLARED_SELECTOR = YES;
				GCC_WARN_UNINITIALIZED_AUTOS = YES_AGGRESSIVE;
				GCC_WARN_UNUSED_FUNCTION = YES;
				GCC_WARN_UNUSED_VARIABLE = YES;
				IPHONEOS_DEPLOYMENT_TARGET = 10.2;
				MTL_ENABLE_DEBUG_INFO = YES;
				ONLY_ACTIVE_ARCH = YES;
				SDKROOT = iphoneos;
				SWIFT_ACTIVE_COMPILATION_CONDITIONS = DEBUG;
				SWIFT_OPTIMIZATION_LEVEL = "-Onone";
				TARGETED_DEVICE_FAMILY = "1,2";
			};
			name = Debug;
		};
		A499B11E1F15322800E244B2 /* Release */ = {
			isa = XCBuildConfiguration;
			buildSettings = {
				ALWAYS_SEARCH_USER_PATHS = NO;
				CLANG_ANALYZER_NONNULL = YES;
				CLANG_CXX_LANGUAGE_STANDARD = "gnu++0x";
				CLANG_CXX_LIBRARY = "libc++";
				CLANG_ENABLE_MODULES = YES;
				CLANG_ENABLE_OBJC_ARC = YES;
				CLANG_WARN_BOOL_CONVERSION = YES;
				CLANG_WARN_CONSTANT_CONVERSION = YES;
				CLANG_WARN_DIRECT_OBJC_ISA_USAGE = YES_ERROR;
				CLANG_WARN_DOCUMENTATION_COMMENTS = YES;
				CLANG_WARN_EMPTY_BODY = YES;
				CLANG_WARN_ENUM_CONVERSION = YES;
				CLANG_WARN_INFINITE_RECURSION = YES;
				CLANG_WARN_INT_CONVERSION = YES;
				CLANG_WARN_OBJC_ROOT_CLASS = YES_ERROR;
				CLANG_WARN_SUSPICIOUS_MOVE = YES;
				CLANG_WARN_UNREACHABLE_CODE = YES;
				CLANG_WARN__DUPLICATE_METHOD_MATCH = YES;
				"CODE_SIGN_IDENTITY[sdk=iphoneos*]" = "iPhone Developer";
				COPY_PHASE_STRIP = NO;
				DEBUG_INFORMATION_FORMAT = "dwarf-with-dsym";
				ENABLE_NS_ASSERTIONS = NO;
				ENABLE_STRICT_OBJC_MSGSEND = YES;
				GCC_C_LANGUAGE_STANDARD = gnu99;
				GCC_NO_COMMON_BLOCKS = YES;
				GCC_WARN_64_TO_32_BIT_CONVERSION = YES;
				GCC_WARN_ABOUT_RETURN_TYPE = YES_ERROR;
				GCC_WARN_UNDECLARED_SELECTOR = YES;
				GCC_WARN_UNINITIALIZED_AUTOS = YES_AGGRESSIVE;
				GCC_WARN_UNUSED_FUNCTION = YES;
				GCC_WARN_UNUSED_VARIABLE = YES;
				IPHONEOS_DEPLOYMENT_TARGET = 10.2;
				MTL_ENABLE_DEBUG_INFO = NO;
				SDKROOT = iphoneos;
				SWIFT_OPTIMIZATION_LEVEL = "-Owholemodule";
				TARGETED_DEVICE_FAMILY = "1,2";
				VALIDATE_PRODUCT = YES;
			};
			name = Release;
		};
		A499B1201F15322800E244B2 /* Debug */ = {
			isa = XCBuildConfiguration;
			baseConfigurationReference = DB070A4084E4E8A49C60A78B /* Pods-RideWithMeGood.debug.xcconfig */;
			buildSettings = {
				ASSETCATALOG_COMPILER_APPICON_NAME = AppIcon;
				DEVELOPMENT_TEAM = MV7HZ99EDM;
				INFOPLIST_FILE = RideWithMeGood/Info.plist;
				LD_RUNPATH_SEARCH_PATHS = "$(inherited) @executable_path/Frameworks";
				PRODUCT_BUNDLE_IDENTIFIER = com.marcellofolco.RideWithMeGood;
				PRODUCT_NAME = "$(TARGET_NAME)";
				SWIFT_VERSION = 3.0;
			};
			name = Debug;
		};
		A499B1211F15322800E244B2 /* Release */ = {
			isa = XCBuildConfiguration;
			baseConfigurationReference = 86861FC56054FD6CAF855B82 /* Pods-RideWithMeGood.release.xcconfig */;
			buildSettings = {
				ASSETCATALOG_COMPILER_APPICON_NAME = AppIcon;
				DEVELOPMENT_TEAM = MV7HZ99EDM;
				INFOPLIST_FILE = RideWithMeGood/Info.plist;
				LD_RUNPATH_SEARCH_PATHS = "$(inherited) @executable_path/Frameworks";
				PRODUCT_BUNDLE_IDENTIFIER = com.marcellofolco.RideWithMeGood;
				PRODUCT_NAME = "$(TARGET_NAME)";
				SWIFT_VERSION = 3.0;
			};
			name = Release;
		};
/* End XCBuildConfiguration section */

/* Begin XCConfigurationList section */
		A499B1081F15322800E244B2 /* Build configuration list for PBXProject "RideWithMeGood" */ = {
			isa = XCConfigurationList;
			buildConfigurations = (
				A499B11D1F15322800E244B2 /* Debug */,
				A499B11E1F15322800E244B2 /* Release */,
			);
			defaultConfigurationIsVisible = 0;
			defaultConfigurationName = Release;
		};
		A499B11F1F15322800E244B2 /* Build configuration list for PBXNativeTarget "RideWithMeGood" */ = {
			isa = XCConfigurationList;
			buildConfigurations = (
				A499B1201F15322800E244B2 /* Debug */,
				A499B1211F15322800E244B2 /* Release */,
			);
			defaultConfigurationIsVisible = 0;
			defaultConfigurationName = Release;
		};
/* End XCConfigurationList section */
	};
	rootObject = A499B1051F15322800E244B2 /* Project object */;
}
